
Microsoft Visual Studio Solution File, Format Version 12.00
# Visual Studio Version 17
VisualStudioVersion = 17.8.34322.80
MinimumVisualStudioVersion = 10.0.40219.1
Project("{8BC9CEB8-8B4A-11D0-8D11-00A0C91BC942}") = "Clustering", "Clustering.vcxproj", "{DDED1EA0-8C2E-453C-A458-4254DA3B2A9D}"
EndProject
Global
	GlobalSection(SolutionConfigurationPlatforms) = preSolution
		Debug|x64 = Debug|x64
		Debug|x86 = Debug|x86
		Release|x64 = Release|x64
		Release|x86 = Release|x86
	EndGlobalSection
	GlobalSection(ProjectConfigurationPlatforms) = postSolution
		{DDED1EA0-8C2E-453C-A458-4254DA3B2A9D}.Debug|x64.ActiveCfg = Debug|x64
		{DDED1EA0-8C2E-453C-A458-4254DA3B2A9D}.Debug|x64.Build.0 = Debug|x64
		{DDED1EA0-8C2E-453C-A458-4254DA3B2A9D}.Debug|x86.ActiveCfg = Debug|Win32
		{DDED1EA0-8C2E-453C-A458-4254DA3B2A9D}.Debug|x86.Build.0 = Debug|Win32
		{DDED1EA0-8C2E-453C-A458-4254DA3B2A9D}.Release|x64.ActiveCfg = Release|x64
		{DDED1EA0-8C2E-453C-A458-4254DA3B2A9D}.Release|x64.Build.0 = Release|x64
		{DDED1EA0-8C2E-453C-A458-4254DA3B2A9D}.Release|x86.ActiveCfg = Release|Win32
		{DDED1EA0-8C2E-453C-A458-4254DA3B2A9D}.Release|x86.Build.0 = Release|Win32
	EndGlobalSection
	GlobalSection(SolutionProperties) = preSolution
		HideSolutionNode = FALSE
	EndGlobalSection
	GlobalSection(ExtensibilityGlobals) = postSolution
		SolutionGuid = {F790E3B5-FC13-4236-95FB-101E20F547E9}
	EndGlobalSection
EndGlobal
